
Microsoft Visual Studio Solution File, Format Version 12.00
# Visual Studio Version 16
VisualStudioVersion = 16.0.31205.134
MinimumVisualStudioVersion = 10.0.40219.1
Project("{F2A71F9B-5D33-465A-A702-920D77279786}") = "FindBiggestFile", "FindBiggestFile\FindBiggestFile.fsproj", "{58B75278-6DFA-4C4F-BCC5-CD990830CB04}"
EndProject
Global
	GlobalSection(SolutionConfigurationPlatforms) = preSolution
		Debug|Any CPU = Debug|Any CPU
		Release|Any CPU = Release|Any CPU
	EndGlobalSection
	GlobalSection(ProjectConfigurationPlatforms) = postSolution
		{58B75278-6DFA-4C4F-BCC5-CD990830CB04}.Debug|Any CPU.ActiveCfg = Debug|Any CPU
		{58B75278-6DFA-4C4F-BCC5-CD990830CB04}.Debug|Any CPU.Build.0 = Debug|Any CPU
		{58B75278-6DFA-4C4F-BCC5-CD990830CB04}.Release|Any CPU.ActiveCfg = Release|Any CPU
		{58B75278-6DFA-4C4F-BCC5-CD990830CB04}.Release|Any CPU.Build.0 = Release|Any CPU
	EndGlobalSection
	GlobalSection(SolutionProperties) = preSolution
		HideSolutionNode = FALSE
	EndGlobalSection
	GlobalSection(ExtensibilityGlobals) = postSolution
		SolutionGuid = {161D8E0D-839B-4FBC-AC12-26F8F422B72D}
	EndGlobalSection
EndGlobal
